
Microsoft Visual Studio Solution File, Format Version 12.00
# Visual Studio 15
VisualStudioVersion = 15.0.28307.136
MinimumVisualStudioVersion = 10.0.40219.1
Project("{8BC9CEB8-8B4A-11D0-8D11-00A0C91BC942}") = "OutputViewer", "OutputViewer\OutputViewer.vcxproj", "{8CE42A8B-2D41-4940-AF60-FEE633210A5A}"
EndProject
Global
	GlobalSection(SolutionConfigurationPlatforms) = preSolution
		Debug|x64 = Debug|x64
		Debug|x86 = Debug|x86
		Release|x64 = Release|x64
		Release|x86 = Release|x86
	EndGlobalSection
	GlobalSection(ProjectConfigurationPlatforms) = postSolution
		{8CE42A8B-2D41-4940-AF60-FEE633210A5A}.Debug|x64.ActiveCfg = Debug|x64
		{8CE42A8B-2D41-4940-AF60-FEE633210A5A}.Debug|x64.Build.0 = Debug|x64
		{8CE42A8B-2D41-4940-AF60-FEE633210A5A}.Debug|x86.ActiveCfg = Debug|Win32
		{8CE42A8B-2D41-4940-AF60-FEE633210A5A}.Debug|x86.Build.0 = Debug|Win32
		{8CE42A8B-2D41-4940-AF60-FEE633210A5A}.Release|x64.ActiveCfg = Release|x64
		{8CE42A8B-2D41-4940-AF60-FEE633210A5A}.Release|x64.Build.0 = Release|x64
		{8CE42A8B-2D41-4940-AF60-FEE633210A5A}.Release|x86.ActiveCfg = Release|Win32
		{8CE42A8B-2D41-4940-AF60-FEE633210A5A}.Release|x86.Build.0 = Release|Win32
	EndGlobalSection
	GlobalSection(SolutionProperties) = preSolution
		HideSolutionNode = FALSE
	EndGlobalSection
	GlobalSection(ExtensibilityGlobals) = postSolution
		SolutionGuid = {7FBDED40-6606-491C-98AA-4BE5890D4843}
	EndGlobalSection
EndGlobal
